
Microsoft Visual Studio Solution File, Format Version 12.00
# Visual Studio Version 17
VisualStudioVersion = 17.5.33516.290
MinimumVisualStudioVersion = 10.0.40219.1
Project("{9A19103F-16F7-4668-BE54-9A1E7A4F7556}") = "DesignPatterns", "DesignPatterns.csproj", "{C6D17338-BCA0-4A80-B989-8C9F86B87D10}"
EndProject
Project("{9A19103F-16F7-4668-BE54-9A1E7A4F7556}") = "SingleResponsibility", "..\SingleResponsibility\SingleResponsibility.csproj", "{91647E0C-960B-41F7-BDC6-CA9CDEF75FA2}"
EndProject
Project("{2150E333-8FDC-42A3-9474-1A3956D46DE8}") = "SOLID", "SOLID", "{03C304A5-DFBF-4F23-BF5B-50BA9C248BCF}"
EndProject
Project("{9A19103F-16F7-4668-BE54-9A1E7A4F7556}") = "OpenClose", "..\OpenClose\OpenClose.csproj", "{DD9B32FF-17C2-4CB6-BF7F-C7378AF32B4D}"
EndProject
Project("{9A19103F-16F7-4668-BE54-9A1E7A4F7556}") = "LiskovSubstitution", "..\LiskovSubstitution\LiskovSubstitution.csproj", "{015552AC-451A-46CB-B959-8B42423AA47E}"
EndProject
Project("{9A19103F-16F7-4668-BE54-9A1E7A4F7556}") = "InterfaceSegregation", "..\InterfaceSegregation\InterfaceSegregation.csproj", "{1F8D1E09-EE57-48D7-A0EF-5B8B37E0E14C}"
EndProject
Project("{9A19103F-16F7-4668-BE54-9A1E7A4F7556}") = "DependencyInversion", "..\DependencyInversion\DependencyInversion.csproj", "{B6BD8A38-18D5-4C62-8FE1-C9DD43239903}"
EndProject
Project("{2150E333-8FDC-42A3-9474-1A3956D46DE8}") = "Creational", "Creational", "{836083D6-C577-4383-B154-BF09B845EF2F}"
EndProject
Project("{2150E333-8FDC-42A3-9474-1A3956D46DE8}") = "Structural", "Structural", "{863B39BE-FE9D-442D-B6FE-274A7379D7AA}"
EndProject
Project("{9A19103F-16F7-4668-BE54-9A1E7A4F7556}") = "Builder", "..\Builder\Builder.csproj", "{1FB10B71-1195-4543-B39C-69DD2C316E7D}"
EndProject
Project("{9A19103F-16F7-4668-BE54-9A1E7A4F7556}") = "Factory", "..\Factory\Factory.csproj", "{FFAE9012-41E4-4B7C-9D88-C060EA8D09ED}"
EndProject
Project("{9A19103F-16F7-4668-BE54-9A1E7A4F7556}") = "Prototype", "..\Prototype\Prototype.csproj", "{8DEFC655-2F28-4A9A-96E0-D119FABD3DD4}"
EndProject
Project("{9A19103F-16F7-4668-BE54-9A1E7A4F7556}") = "Singleton", "..\Singleton\Singleton.csproj", "{316CE799-77FA-4E5F-AFED-E34516414623}"
EndProject
Project("{FAE04EC0-301F-11D3-BF4B-00C04F79EFBC}") = "AbstractFactory", "..\AbstractFactory\AbstractFactory.csproj", "{EBF45B19-F719-4E42-9AF8-61F094CAC189}"
EndProject
Project("{2150E333-8FDC-42A3-9474-1A3956D46DE8}") = "Behavioral", "Behavioral", "{D385561C-2523-433D-A5EC-F612642120C7}"
EndProject
Project("{FAE04EC0-301F-11D3-BF4B-00C04F79EFBC}") = "ChainOfResponsibility", "..\ChainOfResponsibility\ChainOfResponsibility.csproj", "{66F6D0DA-3BC1-4AEF-B88A-4791A4BA29AF}"
EndProject
Project("{FAE04EC0-301F-11D3-BF4B-00C04F79EFBC}") = "Mediator", "..\Mediator\Mediator.csproj", "{4D482397-2C92-44F4-AF80-E16A32C69AD4}"
EndProject
Project("{FAE04EC0-301F-11D3-BF4B-00C04F79EFBC}") = "Observer", "..\Observer\Observer.csproj", "{5565194D-73FC-4887-A4A6-137182BB4C7D}"
EndProject
Project("{FAE04EC0-301F-11D3-BF4B-00C04F79EFBC}") = "State", "..\State\State.csproj", "{BE96984C-1DF7-42BC-896A-4EF6E9777A97}"
EndProject
Project("{FAE04EC0-301F-11D3-BF4B-00C04F79EFBC}") = "Strategy", "..\Strategy\Strategy.csproj", "{386F466F-A425-48ED-95BC-BCF7AA2B0338}"
EndProject
Project("{FAE04EC0-301F-11D3-BF4B-00C04F79EFBC}") = "Adapter", "..\Adapter\Adapter.csproj", "{9660F2D0-6F39-4B9B-9622-7A7B867D3CCA}"
EndProject
Project("{FAE04EC0-301F-11D3-BF4B-00C04F79EFBC}") = "Decorator", "..\Decorator\Decorator.csproj", "{3CF82FFB-64F7-4972-B788-98D5975D9120}"
EndProject
Project("{FAE04EC0-301F-11D3-BF4B-00C04F79EFBC}") = "Facade", "..\Facade\Facade.csproj", "{B557053A-A67E-45A9-8A51-E7C238422C3D}"
EndProject
Project("{FAE04EC0-301F-11D3-BF4B-00C04F79EFBC}") = "Proxy", "..\Proxy\Proxy.csproj", "{1E43CE83-A6D7-496D-BB40-04205F308F04}"
EndProject
Project("{FAE04EC0-301F-11D3-BF4B-00C04F79EFBC}") = "TemplateMethod", "..\TemplateMethod\TemplateMethod.csproj", "{A10F0782-A7D4-4192-AEE7-B11EC12F8011}"
EndProject
Global
	GlobalSection(SolutionConfigurationPlatforms) = preSolution
		Debug|Any CPU = Debug|Any CPU
		Release|Any CPU = Release|Any CPU
	EndGlobalSection
	GlobalSection(ProjectConfigurationPlatforms) = postSolution
		{C6D17338-BCA0-4A80-B989-8C9F86B87D10}.Debug|Any CPU.ActiveCfg = Debug|Any CPU
		{C6D17338-BCA0-4A80-B989-8C9F86B87D10}.Debug|Any CPU.Build.0 = Debug|Any CPU
		{C6D17338-BCA0-4A80-B989-8C9F86B87D10}.Release|Any CPU.ActiveCfg = Release|Any CPU
		{C6D17338-BCA0-4A80-B989-8C9F86B87D10}.Release|Any CPU.Build.0 = Release|Any CPU
		{91647E0C-960B-41F7-BDC6-CA9CDEF75FA2}.Debug|Any CPU.ActiveCfg = Debug|Any CPU
		{91647E0C-960B-41F7-BDC6-CA9CDEF75FA2}.Debug|Any CPU.Build.0 = Debug|Any CPU
		{91647E0C-960B-41F7-BDC6-CA9CDEF75FA2}.Release|Any CPU.ActiveCfg = Release|Any CPU
		{91647E0C-960B-41F7-BDC6-CA9CDEF75FA2}.Release|Any CPU.Build.0 = Release|Any CPU
		{DD9B32FF-17C2-4CB6-BF7F-C7378AF32B4D}.Debug|Any CPU.ActiveCfg = Debug|Any CPU
		{DD9B32FF-17C2-4CB6-BF7F-C7378AF32B4D}.Debug|Any CPU.Build.0 = Debug|Any CPU
		{DD9B32FF-17C2-4CB6-BF7F-C7378AF32B4D}.Release|Any CPU.ActiveCfg = Release|Any CPU
		{DD9B32FF-17C2-4CB6-BF7F-C7378AF32B4D}.Release|Any CPU.Build.0 = Release|Any CPU
		{015552AC-451A-46CB-B959-8B42423AA47E}.Debug|Any CPU.ActiveCfg = Debug|Any CPU
		{015552AC-451A-46CB-B959-8B42423AA47E}.Debug|Any CPU.Build.0 = Debug|Any CPU
		{015552AC-451A-46CB-B959-8B42423AA47E}.Release|Any CPU.ActiveCfg = Release|Any CPU
		{015552AC-451A-46CB-B959-8B42423AA47E}.Release|Any CPU.Build.0 = Release|Any CPU
		{1F8D1E09-EE57-48D7-A0EF-5B8B37E0E14C}.Debug|Any CPU.ActiveCfg = Debug|Any CPU
		{1F8D1E09-EE57-48D7-A0EF-5B8B37E0E14C}.Debug|Any CPU.Build.0 = Debug|Any CPU
		{1F8D1E09-EE57-48D7-A0EF-5B8B37E0E14C}.Release|Any CPU.ActiveCfg = Release|Any CPU
		{1F8D1E09-EE57-48D7-A0EF-5B8B37E0E14C}.Release|Any CPU.Build.0 = Release|Any CPU
		{B6BD8A38-18D5-4C62-8FE1-C9DD43239903}.Debug|Any CPU.ActiveCfg = Debug|Any CPU
		{B6BD8A38-18D5-4C62-8FE1-C9DD43239903}.Debug|Any CPU.Build.0 = Debug|Any CPU
		{B6BD8A38-18D5-4C62-8FE1-C9DD43239903}.Release|Any CPU.ActiveCfg = Release|Any CPU
		{B6BD8A38-18D5-4C62-8FE1-C9DD43239903}.Release|Any CPU.Build.0 = Release|Any CPU
		{1FB10B71-1195-4543-B39C-69DD2C316E7D}.Debug|Any CPU.ActiveCfg = Debug|Any CPU
		{1FB10B71-1195-4543-B39C-69DD2C316E7D}.Debug|Any CPU.Build.0 = Debug|Any CPU
		{1FB10B71-1195-4543-B39C-69DD2C316E7D}.Release|Any CPU.ActiveCfg = Release|Any CPU
		{1FB10B71-1195-4543-B39C-69DD2C316E7D}.Release|Any CPU.Build.0 = Release|Any CPU
		{FFAE9012-41E4-4B7C-9D88-C060EA8D09ED}.Debug|Any CPU.ActiveCfg = Debug|Any CPU
		{FFAE9012-41E4-4B7C-9D88-C060EA8D09ED}.Debug|Any CPU.Build.0 = Debug|Any CPU
		{FFAE9012-41E4-4B7C-9D88-C060EA8D09ED}.Release|Any CPU.ActiveCfg = Release|Any CPU
		{FFAE9012-41E4-4B7C-9D88-C060EA8D09ED}.Release|Any CPU.Build.0 = Release|Any CPU
		{8DEFC655-2F28-4A9A-96E0-D119FABD3DD4}.Debug|Any CPU.ActiveCfg = Debug|Any CPU
		{8DEFC655-2F28-4A9A-96E0-D119FABD3DD4}.Debug|Any CPU.Build.0 = Debug|Any CPU
		{8DEFC655-2F28-4A9A-96E0-D119FABD3DD4}.Release|Any CPU.ActiveCfg = Release|Any CPU
		{8DEFC655-2F28-4A9A-96E0-D119FABD3DD4}.Release|Any CPU.Build.0 = Release|Any CPU
		{316CE799-77FA-4E5F-AFED-E34516414623}.Debug|Any CPU.ActiveCfg = Debug|Any CPU
		{316CE799-77FA-4E5F-AFED-E34516414623}.Debug|Any CPU.Build.0 = Debug|Any CPU
		{316CE799-77FA-4E5F-AFED-E34516414623}.Release|Any CPU.ActiveCfg = Release|Any CPU
		{316CE799-77FA-4E5F-AFED-E34516414623}.Release|Any CPU.Build.0 = Release|Any CPU
		{EBF45B19-F719-4E42-9AF8-61F094CAC189}.Debug|Any CPU.ActiveCfg = Debug|Any CPU
		{EBF45B19-F719-4E42-9AF8-61F094CAC189}.Debug|Any CPU.Build.0 = Debug|Any CPU
		{EBF45B19-F719-4E42-9AF8-61F094CAC189}.Release|Any CPU.ActiveCfg = Release|Any CPU
		{EBF45B19-F719-4E42-9AF8-61F094CAC189}.Release|Any CPU.Build.0 = Release|Any CPU
		{66F6D0DA-3BC1-4AEF-B88A-4791A4BA29AF}.Debug|Any CPU.ActiveCfg = Debug|Any CPU
		{66F6D0DA-3BC1-4AEF-B88A-4791A4BA29AF}.Debug|Any CPU.Build.0 = Debug|Any CPU
		{66F6D0DA-3BC1-4AEF-B88A-4791A4BA29AF}.Release|Any CPU.ActiveCfg = Release|Any CPU
		{66F6D0DA-3BC1-4AEF-B88A-4791A4BA29AF}.Release|Any CPU.Build.0 = Release|Any CPU
		{4D482397-2C92-44F4-AF80-E16A32C69AD4}.Debug|Any CPU.ActiveCfg = Debug|Any CPU
		{4D482397-2C92-44F4-AF80-E16A32C69AD4}.Debug|Any CPU.Build.0 = Debug|Any CPU
		{4D482397-2C92-44F4-AF80-E16A32C69AD4}.Release|Any CPU.ActiveCfg = Release|Any CPU
		{4D482397-2C92-44F4-AF80-E16A32C69AD4}.Release|Any CPU.Build.0 = Release|Any CPU
		{5565194D-73FC-4887-A4A6-137182BB4C7D}.Debug|Any CPU.ActiveCfg = Debug|Any CPU
		{5565194D-73FC-4887-A4A6-137182BB4C7D}.Debug|Any CPU.Build.0 = Debug|Any CPU
		{5565194D-73FC-4887-A4A6-137182BB4C7D}.Release|Any CPU.ActiveCfg = Release|Any CPU
		{5565194D-73FC-4887-A4A6-137182BB4C7D}.Release|Any CPU.Build.0 = Release|Any CPU
		{BE96984C-1DF7-42BC-896A-4EF6E9777A97}.Debug|Any CPU.ActiveCfg = Debug|Any CPU
		{BE96984C-1DF7-42BC-896A-4EF6E9777A97}.Debug|Any CPU.Build.0 = Debug|Any CPU
		{BE96984C-1DF7-42BC-896A-4EF6E9777A97}.Release|Any CPU.ActiveCfg = Release|Any CPU
		{BE96984C-1DF7-42BC-896A-4EF6E9777A97}.Release|Any CPU.Build.0 = Release|Any CPU
		{386F466F-A425-48ED-95BC-BCF7AA2B0338}.Debug|Any CPU.ActiveCfg = Debug|Any CPU
		{386F466F-A425-48ED-95BC-BCF7AA2B0338}.Debug|Any CPU.Build.0 = Debug|Any CPU
		{386F466F-A425-48ED-95BC-BCF7AA2B0338}.Release|Any CPU.ActiveCfg = Release|Any CPU
		{386F466F-A425-48ED-95BC-BCF7AA2B0338}.Release|Any CPU.Build.0 = Release|Any CPU
		{9660F2D0-6F39-4B9B-9622-7A7B867D3CCA}.Debug|Any CPU.ActiveCfg = Debug|Any CPU
		{9660F2D0-6F39-4B9B-9622-7A7B867D3CCA}.Debug|Any CPU.Build.0 = Debug|Any CPU
		{9660F2D0-6F39-4B9B-9622-7A7B867D3CCA}.Release|Any CPU.ActiveCfg = Release|Any CPU
		{9660F2D0-6F39-4B9B-9622-7A7B867D3CCA}.Release|Any CPU.Build.0 = Release|Any CPU
		{3CF82FFB-64F7-4972-B788-98D5975D9120}.Debug|Any CPU.ActiveCfg = Debug|Any CPU
		{3CF82FFB-64F7-4972-B788-98D5975D9120}.Debug|Any CPU.Build.0 = Debug|Any CPU
		{3CF82FFB-64F7-4972-B788-98D5975D9120}.Release|Any CPU.ActiveCfg = Release|Any CPU
		{3CF82FFB-64F7-4972-B788-98D5975D9120}.Release|Any CPU.Build.0 = Release|Any CPU
		{B557053A-A67E-45A9-8A51-E7C238422C3D}.Debug|Any CPU.ActiveCfg = Debug|Any CPU
		{B557053A-A67E-45A9-8A51-E7C238422C3D}.Debug|Any CPU.Build.0 = Debug|Any CPU
		{B557053A-A67E-45A9-8A51-E7C238422C3D}.Release|Any CPU.ActiveCfg = Release|Any CPU
		{B557053A-A67E-45A9-8A51-E7C238422C3D}.Release|Any CPU.Build.0 = Release|Any CPU
		{1E43CE83-A6D7-496D-BB40-04205F308F04}.Debug|Any CPU.ActiveCfg = Debug|Any CPU
		{1E43CE83-A6D7-496D-BB40-04205F308F04}.Debug|Any CPU.Build.0 = Debug|Any CPU
		{1E43CE83-A6D7-496D-BB40-04205F308F04}.Release|Any CPU.ActiveCfg = Release|Any CPU
		{1E43CE83-A6D7-496D-BB40-04205F308F04}.Release|Any CPU.Build.0 = Release|Any CPU
		{A10F0782-A7D4-4192-AEE7-B11EC12F8011}.Debug|Any CPU.ActiveCfg = Debug|Any CPU
		{A10F0782-A7D4-4192-AEE7-B11EC12F8011}.Debug|Any CPU.Build.0 = Debug|Any CPU
		{A10F0782-A7D4-4192-AEE7-B11EC12F8011}.Release|Any CPU.ActiveCfg = Release|Any CPU
		{A10F0782-A7D4-4192-AEE7-B11EC12F8011}.Release|Any CPU.Build.0 = Release|Any CPU
	EndGlobalSection
	GlobalSection(SolutionProperties) = preSolution
		HideSolutionNode = FALSE
	EndGlobalSection
	GlobalSection(NestedProjects) = preSolution
		{91647E0C-960B-41F7-BDC6-CA9CDEF75FA2} = {03C304A5-DFBF-4F23-BF5B-50BA9C248BCF}
		{DD9B32FF-17C2-4CB6-BF7F-C7378AF32B4D} = {03C304A5-DFBF-4F23-BF5B-50BA9C248BCF}
		{015552AC-451A-46CB-B959-8B42423AA47E} = {03C304A5-DFBF-4F23-BF5B-50BA9C248BCF}
		{1F8D1E09-EE57-48D7-A0EF-5B8B37E0E14C} = {03C304A5-DFBF-4F23-BF5B-50BA9C248BCF}
		{B6BD8A38-18D5-4C62-8FE1-C9DD43239903} = {03C304A5-DFBF-4F23-BF5B-50BA9C248BCF}
		{1FB10B71-1195-4543-B39C-69DD2C316E7D} = {836083D6-C577-4383-B154-BF09B845EF2F}
		{FFAE9012-41E4-4B7C-9D88-C060EA8D09ED} = {836083D6-C577-4383-B154-BF09B845EF2F}
		{8DEFC655-2F28-4A9A-96E0-D119FABD3DD4} = {836083D6-C577-4383-B154-BF09B845EF2F}
		{316CE799-77FA-4E5F-AFED-E34516414623} = {836083D6-C577-4383-B154-BF09B845EF2F}
		{EBF45B19-F719-4E42-9AF8-61F094CAC189} = {836083D6-C577-4383-B154-BF09B845EF2F}
		{66F6D0DA-3BC1-4AEF-B88A-4791A4BA29AF} = {D385561C-2523-433D-A5EC-F612642120C7}
		{4D482397-2C92-44F4-AF80-E16A32C69AD4} = {D385561C-2523-433D-A5EC-F612642120C7}
		{5565194D-73FC-4887-A4A6-137182BB4C7D} = {D385561C-2523-433D-A5EC-F612642120C7}
		{BE96984C-1DF7-42BC-896A-4EF6E9777A97} = {D385561C-2523-433D-A5EC-F612642120C7}
		{386F466F-A425-48ED-95BC-BCF7AA2B0338} = {D385561C-2523-433D-A5EC-F612642120C7}
		{9660F2D0-6F39-4B9B-9622-7A7B867D3CCA} = {863B39BE-FE9D-442D-B6FE-274A7379D7AA}
		{3CF82FFB-64F7-4972-B788-98D5975D9120} = {863B39BE-FE9D-442D-B6FE-274A7379D7AA}
		{B557053A-A67E-45A9-8A51-E7C238422C3D} = {863B39BE-FE9D-442D-B6FE-274A7379D7AA}
		{1E43CE83-A6D7-496D-BB40-04205F308F04} = {863B39BE-FE9D-442D-B6FE-274A7379D7AA}
		{A10F0782-A7D4-4192-AEE7-B11EC12F8011} = {D385561C-2523-433D-A5EC-F612642120C7}
	EndGlobalSection
	GlobalSection(ExtensibilityGlobals) = postSolution
		SolutionGuid = {BD87B037-FD7A-4C97-9291-83B1BAF9B748}
	EndGlobalSection
EndGlobal
